// !$*UTF8*$!
{
	archiveVersion = 1;
	classes = {
	};
	objectVersion = 51;
	objects = {

/* Begin PBXBuildFile section */
		3E937583FAE6BA5CBF0C410B /* Pods_ContainerViewInUICollectionView.framework in Frameworks */ = {isa = PBXBuildFile; fileRef = 92957B7841B5368C74441FC5 /* Pods_ContainerViewInUICollectionView.framework */; };
		DE0662152302CB1E0044BEFF /* ReadMoreTextView.swift in Sources */ = {isa = PBXBuildFile; fileRef = DE0662142302CB1E0044BEFF /* ReadMoreTextView.swift */; };
		DE0662172302CFC80044BEFF /* NSLayoutManagerExtension.swift in Sources */ = {isa = PBXBuildFile; fileRef = DE0662162302CFC80044BEFF /* NSLayoutManagerExtension.swift */; };
		DE0662192302EF760044BEFF /* UITextViewExtension.swift in Sources */ = {isa = PBXBuildFile; fileRef = DE0662182302EF760044BEFF /* UITextViewExtension.swift */; };
		DE06621B23039EC30044BEFF /* StringExtension.swift in Sources */ = {isa = PBXBuildFile; fileRef = DE06621A23039EC20044BEFF /* StringExtension.swift */; };
		DE54C88F22F5072000F777BD /* ArticleNavigationTitleView.swift in Sources */ = {isa = PBXBuildFile; fileRef = DE54C88E22F5072000F777BD /* ArticleNavigationTitleView.swift */; };
		DE54C89122F5073000F777BD /* ArticleNavigationTitleView.xib in Resources */ = {isa = PBXBuildFile; fileRef = DE54C89022F5073000F777BD /* ArticleNavigationTitleView.xib */; };
		DE6A056322FE845400085A9F /* Main.storyboard in Resources */ = {isa = PBXBuildFile; fileRef = DE6A056122FE845400085A9F /* Main.storyboard */; };
		DE6A056722FE90C500085A9F /* TabBar.storyboard in Resources */ = {isa = PBXBuildFile; fileRef = DE6A056522FE90C500085A9F /* TabBar.storyboard */; };
		DE6A056A22FE915A00085A9F /* TabBarController.swift in Sources */ = {isa = PBXBuildFile; fileRef = DE6A056922FE915A00085A9F /* TabBarController.swift */; };
		DE6A056C22FE938E00085A9F /* MainViewController.swift in Sources */ = {isa = PBXBuildFile; fileRef = DE6A056B22FE938E00085A9F /* MainViewController.swift */; };
		DE6A057022FE9F6200085A9F /* LandscapeCategoryViewController.swift in Sources */ = {isa = PBXBuildFile; fileRef = DE6A056F22FE9F6200085A9F /* LandscapeCategoryViewController.swift */; };
		DE6A057222FE9FFD00085A9F /* TravelCategoryViewController.swift in Sources */ = {isa = PBXBuildFile; fileRef = DE6A057122FE9FFD00085A9F /* TravelCategoryViewController.swift */; };
		DE6A057522FEAB3300085A9F /* FashionCategoryViewController.swift in Sources */ = {isa = PBXBuildFile; fileRef = DE6A057422FEAB3300085A9F /* FashionCategoryViewController.swift */; };
		DE6A057822FEAE5300085A9F /* Essay.storyboard in Resources */ = {isa = PBXBuildFile; fileRef = DE6A057622FEAE5300085A9F /* Essay.storyboard */; };
		DE6A057A22FEAE7200085A9F /* EssayViewController.swift in Sources */ = {isa = PBXBuildFile; fileRef = DE6A057922FEAE7200085A9F /* EssayViewController.swift */; };
		DE6A057D22FEB20200085A9F /* Stock.storyboard in Resources */ = {isa = PBXBuildFile; fileRef = DE6A057B22FEB20200085A9F /* Stock.storyboard */; };
		DE6A058022FEB21E00085A9F /* StockViewController.swift in Sources */ = {isa = PBXBuildFile; fileRef = DE6A057F22FEB21E00085A9F /* StockViewController.swift */; };
		DE6A05822301147000085A9F /* TabBarItemType.swift in Sources */ = {isa = PBXBuildFile; fileRef = DE6A05812301147000085A9F /* TabBarItemType.swift */; };
		DE6A058523012F9600085A9F /* BouncesTabContentView.swift in Sources */ = {isa = PBXBuildFile; fileRef = DE6A058423012F9600085A9F /* BouncesTabContentView.swift */; };
		DE7CFCA9230AE950003E2617 /* SafariCollectionViewLayout.swift in Sources */ = {isa = PBXBuildFile; fileRef = DE7CFCA8230AE950003E2617 /* SafariCollectionViewLayout.swift */; };
		DE958D5222F01BB900DB2C21 /* Category.storyboard in Resources */ = {isa = PBXBuildFile; fileRef = DE958D5022F01BB900DB2C21 /* Category.storyboard */; };
		DE958D5422F01C1C00DB2C21 /* FoodCategoryViewController.swift in Sources */ = {isa = PBXBuildFile; fileRef = DE958D5322F01C1C00DB2C21 /* FoodCategoryViewController.swift */; };
		DECBB5832307CDDF00F7D2CC /* CategoryPatternCollectionViewCell.swift in Sources */ = {isa = PBXBuildFile; fileRef = DECBB5812307CDDF00F7D2CC /* CategoryPatternCollectionViewCell.swift */; };
		DECBB5842307CDDF00F7D2CC /* CategoryPatternCollectionViewCell.xib in Resources */ = {isa = PBXBuildFile; fileRef = DECBB5822307CDDF00F7D2CC /* CategoryPatternCollectionViewCell.xib */; };
		DED26C9022D590FD00A36FB4 /* AppDelegate.swift in Sources */ = {isa = PBXBuildFile; fileRef = DED26C8F22D590FD00A36FB4 /* AppDelegate.swift */; };
		DED26C9222D590FD00A36FB4 /* ArticleViewController.swift in Sources */ = {isa = PBXBuildFile; fileRef = DED26C9122D590FD00A36FB4 /* ArticleViewController.swift */; };
		DED26C9522D590FD00A36FB4 /* Article.storyboard in Resources */ = {isa = PBXBuildFile; fileRef = DED26C9322D590FD00A36FB4 /* Article.storyboard */; };
		DED26C9722D5910500A36FB4 /* Assets.xcassets in Resources */ = {isa = PBXBuildFile; fileRef = DED26C9622D5910500A36FB4 /* Assets.xcassets */; };
		DED26C9A22D5910500A36FB4 /* LaunchScreen.storyboard in Resources */ = {isa = PBXBuildFile; fileRef = DED26C9822D5910500A36FB4 /* LaunchScreen.storyboard */; };
		DED26CA522D5910500A36FB4 /* ContainerViewInUICollectionViewTests.swift in Sources */ = {isa = PBXBuildFile; fileRef = DED26CA422D5910500A36FB4 /* ContainerViewInUICollectionViewTests.swift */; };
		DED26CB022D5910500A36FB4 /* ContainerViewInUICollectionViewUITests.swift in Sources */ = {isa = PBXBuildFile; fileRef = DED26CAF22D5910500A36FB4 /* ContainerViewInUICollectionViewUITests.swift */; };
		DED26CCD22D5982500A36FB4 /* ContainerCollectionViewCell.swift in Sources */ = {isa = PBXBuildFile; fileRef = DED26CCB22D5982500A36FB4 /* ContainerCollectionViewCell.swift */; };
		DED26CCE22D5982500A36FB4 /* ContainerCollectionViewCell.xib in Resources */ = {isa = PBXBuildFile; fileRef = DED26CCC22D5982500A36FB4 /* ContainerCollectionViewCell.xib */; };
		DED26CD022D654C600A36FB4 /* NSObjectProtocolExtension.swift in Sources */ = {isa = PBXBuildFile; fileRef = DED26CCF22D654C600A36FB4 /* NSObjectProtocolExtension.swift */; };
		DED26CD222D654F600A36FB4 /* UIColorExtension.swift in Sources */ = {isa = PBXBuildFile; fileRef = DED26CD122D654F600A36FB4 /* UIColorExtension.swift */; };
		DED26CD422D6553100A36FB4 /* UICollectionViewExtension.swift in Sources */ = {isa = PBXBuildFile; fileRef = DED26CD322D6553100A36FB4 /* UICollectionViewExtension.swift */; };
		DED26CD622D6555300A36FB4 /* UITableViewExtension.swift in Sources */ = {isa = PBXBuildFile; fileRef = DED26CD522D6555300A36FB4 /* UITableViewExtension.swift */; };
		DED26CD822D66D4000A36FB4 /* StoryboardInstantiatable.swift in Sources */ = {isa = PBXBuildFile; fileRef = DED26CD722D66D4000A36FB4 /* StoryboardInstantiatable.swift */; };
		DEF791F422F01A7800CC866B /* CustomViewBase.swift in Sources */ = {isa = PBXBuildFile; fileRef = DEF791F322F01A7800CC866B /* CustomViewBase.swift */; };
/* End PBXBuildFile section */

/* Begin PBXContainerItemProxy section */
		DED26CA122D5910500A36FB4 /* PBXContainerItemProxy */ = {
			isa = PBXContainerItemProxy;
			containerPortal = DED26C8422D590FC00A36FB4 /* Project object */;
			proxyType = 1;
			remoteGlobalIDString = DED26C8B22D590FC00A36FB4;
			remoteInfo = ContainerViewInUICollectionView;
		};
		DED26CAC22D5910500A36FB4 /* PBXContainerItemProxy */ = {
			isa = PBXContainerItemProxy;
			containerPortal = DED26C8422D590FC00A36FB4 /* Project object */;
			proxyType = 1;
			remoteGlobalIDString = DED26C8B22D590FC00A36FB4;
			remoteInfo = ContainerViewInUICollectionView;
		};
/* End PBXContainerItemProxy section */

/* Begin PBXFileReference section */
		451E04959B98FB5133B40B39 /* Pods-ContainerViewInUICollectionView.debug.xcconfig */ = {isa = PBXFileReference; includeInIndex = 1; lastKnownFileType = text.xcconfig; name = "Pods-ContainerViewInUICollectionView.debug.xcconfig"; path = "Target Support Files/Pods-ContainerViewInUICollectionView/Pods-ContainerViewInUICollectionView.debug.xcconfig"; sourceTree = "<group>"; };
		8E10E8EB59913BD96948EFE6 /* Pods-ContainerViewInUICollectionView.release.xcconfig */ = {isa = PBXFileReference; includeInIndex = 1; lastKnownFileType = text.xcconfig; name = "Pods-ContainerViewInUICollectionView.release.xcconfig"; path = "Target Support Files/Pods-ContainerViewInUICollectionView/Pods-ContainerViewInUICollectionView.release.xcconfig"; sourceTree = "<group>"; };
		92957B7841B5368C74441FC5 /* Pods_ContainerViewInUICollectionView.framework */ = {isa = PBXFileReference; explicitFileType = wrapper.framework; includeInIndex = 0; path = Pods_ContainerViewInUICollectionView.framework; sourceTree = BUILT_PRODUCTS_DIR; };
		DE0662142302CB1E0044BEFF /* ReadMoreTextView.swift */ = {isa = PBXFileReference; lastKnownFileType = sourcecode.swift; path = ReadMoreTextView.swift; sourceTree = "<group>"; };
		DE0662162302CFC80044BEFF /* NSLayoutManagerExtension.swift */ = {isa = PBXFileReference; lastKnownFileType = sourcecode.swift; path = NSLayoutManagerExtension.swift; sourceTree = "<group>"; };
		DE0662182302EF760044BEFF /* UITextViewExtension.swift */ = {isa = PBXFileReference; lastKnownFileType = sourcecode.swift; path = UITextViewExtension.swift; sourceTree = "<group>"; };
		DE06621A23039EC20044BEFF /* StringExtension.swift */ = {isa = PBXFileReference; lastKnownFileType = sourcecode.swift; path = StringExtension.swift; sourceTree = "<group>"; };
		DE54C88E22F5072000F777BD /* ArticleNavigationTitleView.swift */ = {isa = PBXFileReference; lastKnownFileType = sourcecode.swift; path = ArticleNavigationTitleView.swift; sourceTree = "<group>"; };
		DE54C89022F5073000F777BD /* ArticleNavigationTitleView.xib */ = {isa = PBXFileReference; lastKnownFileType = file.xib; path = ArticleNavigationTitleView.xib; sourceTree = "<group>"; };
		DE6A056222FE845400085A9F /* Base */ = {isa = PBXFileReference; lastKnownFileType = file.storyboard; name = Base; path = Base.lproj/Main.storyboard; sourceTree = "<group>"; };
		DE6A056622FE90C500085A9F /* Base */ = {isa = PBXFileReference; lastKnownFileType = file.storyboard; name = Base; path = Base.lproj/TabBar.storyboard; sourceTree = "<group>"; };
		DE6A056922FE915A00085A9F /* TabBarController.swift */ = {isa = PBXFileReference; lastKnownFileType = sourcecode.swift; path = TabBarController.swift; sourceTree = "<group>"; };
		DE6A056B22FE938E00085A9F /* MainViewController.swift */ = {isa = PBXFileReference; lastKnownFileType = sourcecode.swift; path = MainViewController.swift; sourceTree = "<group>"; };
		DE6A056F22FE9F6200085A9F /* LandscapeCategoryViewController.swift */ = {isa = PBXFileReference; lastKnownFileType = sourcecode.swift; path = LandscapeCategoryViewController.swift; sourceTree = "<group>"; };
		DE6A057122FE9FFD00085A9F /* TravelCategoryViewController.swift */ = {isa = PBXFileReference; lastKnownFileType = sourcecode.swift; path = TravelCategoryViewController.swift; sourceTree = "<group>"; };
		DE6A057422FEAB3300085A9F /* FashionCategoryViewController.swift */ = {isa = PBXFileReference; lastKnownFileType = sourcecode.swift; path = FashionCategoryViewController.swift; sourceTree = "<group>"; };
		DE6A057722FEAE5300085A9F /* Base */ = {isa = PBXFileReference; lastKnownFileType = file.storyboard; name = Base; path = Base.lproj/Essay.storyboard; sourceTree = "<group>"; };
		DE6A057922FEAE7200085A9F /* EssayViewController.swift */ = {isa = PBXFileReference; lastKnownFileType = sourcecode.swift; path = EssayViewController.swift; sourceTree = "<group>"; };
		DE6A057C22FEB20200085A9F /* Base */ = {isa = PBXFileReference; lastKnownFileType = file.storyboard; name = Base; path = Base.lproj/Stock.storyboard; sourceTree = "<group>"; };
		DE6A057F22FEB21E00085A9F /* StockViewController.swift */ = {isa = PBXFileReference; lastKnownFileType = sourcecode.swift; path = StockViewController.swift; sourceTree = "<group>"; };
		DE6A05812301147000085A9F /* TabBarItemType.swift */ = {isa = PBXFileReference; lastKnownFileType = sourcecode.swift; path = TabBarItemType.swift; sourceTree = "<group>"; };
		DE6A058423012F9600085A9F /* BouncesTabContentView.swift */ = {isa = PBXFileReference; lastKnownFileType = sourcecode.swift; path = BouncesTabContentView.swift; sourceTree = "<group>"; };
		DE7CFCA8230AE950003E2617 /* SafariCollectionViewLayout.swift */ = {isa = PBXFileReference; lastKnownFileType = sourcecode.swift; path = SafariCollectionViewLayout.swift; sourceTree = "<group>"; };
		DE958D5122F01BB900DB2C21 /* Base */ = {isa = PBXFileReference; lastKnownFileType = file.storyboard; name = Base; path = Base.lproj/Category.storyboard; sourceTree = "<group>"; };
		DE958D5322F01C1C00DB2C21 /* FoodCategoryViewController.swift */ = {isa = PBXFileReference; lastKnownFileType = sourcecode.swift; path = FoodCategoryViewController.swift; sourceTree = "<group>"; };
		DECBB5812307CDDF00F7D2CC /* CategoryPatternCollectionViewCell.swift */ = {isa = PBXFileReference; lastKnownFileType = sourcecode.swift; path = CategoryPatternCollectionViewCell.swift; sourceTree = "<group>"; };
		DECBB5822307CDDF00F7D2CC /* CategoryPatternCollectionViewCell.xib */ = {isa = PBXFileReference; lastKnownFileType = file.xib; path = CategoryPatternCollectionViewCell.xib; sourceTree = "<group>"; };
		DED26C8C22D590FD00A36FB4 /* ContainerViewInUICollectionView.app */ = {isa = PBXFileReference; explicitFileType = wrapper.application; includeInIndex = 0; path = ContainerViewInUICollectionView.app; sourceTree = BUILT_PRODUCTS_DIR; };
		DED26C8F22D590FD00A36FB4 /* AppDelegate.swift */ = {isa = PBXFileReference; lastKnownFileType = sourcecode.swift; path = AppDelegate.swift; sourceTree = "<group>"; };
		DED26C9122D590FD00A36FB4 /* ArticleViewController.swift */ = {isa = PBXFileReference; lastKnownFileType = sourcecode.swift; path = ArticleViewController.swift; sourceTree = "<group>"; };
		DED26C9422D590FD00A36FB4 /* Base */ = {isa = PBXFileReference; lastKnownFileType = file.storyboard; name = Base; path = Base.lproj/Article.storyboard; sourceTree = "<group>"; };
		DED26C9622D5910500A36FB4 /* Assets.xcassets */ = {isa = PBXFileReference; lastKnownFileType = folder.assetcatalog; path = Assets.xcassets; sourceTree = "<group>"; };
		DED26C9922D5910500A36FB4 /* Base */ = {isa = PBXFileReference; lastKnownFileType = file.storyboard; name = Base; path = Base.lproj/LaunchScreen.storyboard; sourceTree = "<group>"; };
		DED26C9B22D5910500A36FB4 /* Info.plist */ = {isa = PBXFileReference; lastKnownFileType = text.plist.xml; path = Info.plist; sourceTree = "<group>"; };
		DED26CA022D5910500A36FB4 /* ContainerViewInUICollectionViewTests.xctest */ = {isa = PBXFileReference; explicitFileType = wrapper.cfbundle; includeInIndex = 0; path = ContainerViewInUICollectionViewTests.xctest; sourceTree = BUILT_PRODUCTS_DIR; };
		DED26CA422D5910500A36FB4 /* ContainerViewInUICollectionViewTests.swift */ = {isa = PBXFileReference; lastKnownFileType = sourcecode.swift; path = ContainerViewInUICollectionViewTests.swift; sourceTree = "<group>"; };
		DED26CA622D5910500A36FB4 /* Info.plist */ = {isa = PBXFileReference; lastKnownFileType = text.plist.xml; path = Info.plist; sourceTree = "<group>"; };
		DED26CAB22D5910500A36FB4 /* ContainerViewInUICollectionViewUITests.xctest */ = {isa = PBXFileReference; explicitFileType = wrapper.cfbundle; includeInIndex = 0; path = ContainerViewInUICollectionViewUITests.xctest; sourceTree = BUILT_PRODUCTS_DIR; };
		DED26CAF22D5910500A36FB4 /* ContainerViewInUICollectionViewUITests.swift */ = {isa = PBXFileReference; lastKnownFileType = sourcecode.swift; path = ContainerViewInUICollectionViewUITests.swift; sourceTree = "<group>"; };
		DED26CB122D5910500A36FB4 /* Info.plist */ = {isa = PBXFileReference; lastKnownFileType = text.plist.xml; path = Info.plist; sourceTree = "<group>"; };
		DED26CCB22D5982500A36FB4 /* ContainerCollectionViewCell.swift */ = {isa = PBXFileReference; lastKnownFileType = sourcecode.swift; path = ContainerCollectionViewCell.swift; sourceTree = "<group>"; };
		DED26CCC22D5982500A36FB4 /* ContainerCollectionViewCell.xib */ = {isa = PBXFileReference; lastKnownFileType = file.xib; path = ContainerCollectionViewCell.xib; sourceTree = "<group>"; };
		DED26CCF22D654C600A36FB4 /* NSObjectProtocolExtension.swift */ = {isa = PBXFileReference; lastKnownFileType = sourcecode.swift; path = NSObjectProtocolExtension.swift; sourceTree = "<group>"; };
		DED26CD122D654F600A36FB4 /* UIColorExtension.swift */ = {isa = PBXFileReference; lastKnownFileType = sourcecode.swift; path = UIColorExtension.swift; sourceTree = "<group>"; };
		DED26CD322D6553100A36FB4 /* UICollectionViewExtension.swift */ = {isa = PBXFileReference; lastKnownFileType = sourcecode.swift; path = UICollectionViewExtension.swift; sourceTree = "<group>"; };
		DED26CD522D6555300A36FB4 /* UITableViewExtension.swift */ = {isa = PBXFileReference; lastKnownFileType = sourcecode.swift; path = UITableViewExtension.swift; sourceTree = "<group>"; };
		DED26CD722D66D4000A36FB4 /* StoryboardInstantiatable.swift */ = {isa = PBXFileReference; lastKnownFileType = sourcecode.swift; path = StoryboardInstantiatable.swift; sourceTree = "<group>"; };
		DEF791F322F01A7800CC866B /* CustomViewBase.swift */ = {isa = PBXFileReference; lastKnownFileType = sourcecode.swift; path = CustomViewBase.swift; sourceTree = "<group>"; };
/* End PBXFileReference section */

/* Begin PBXFrameworksBuildPhase section */
		DED26C8922D590FC00A36FB4 /* Frameworks */ = {
			isa = PBXFrameworksBuildPhase;
			buildActionMask = 2147483647;
			files = (
				3E937583FAE6BA5CBF0C410B /* Pods_ContainerViewInUICollectionView.framework in Frameworks */,
			);
			runOnlyForDeploymentPostprocessing = 0;
		};
		DED26C9D22D5910500A36FB4 /* Frameworks */ = {
			isa = PBXFrameworksBuildPhase;
			buildActionMask = 2147483647;
			files = (
			);
			runOnlyForDeploymentPostprocessing = 0;
		};
		DED26CA822D5910500A36FB4 /* Frameworks */ = {
			isa = PBXFrameworksBuildPhase;
			buildActionMask = 2147483647;
			files = (
			);
			runOnlyForDeploymentPostprocessing = 0;
		};
/* End PBXFrameworksBuildPhase section */

/* Begin PBXGroup section */
		17B6DA6D9C334BAF034B20BF /* Frameworks */ = {
			isa = PBXGroup;
			children = (
				92957B7841B5368C74441FC5 /* Pods_ContainerViewInUICollectionView.framework */,
			);
			name = Frameworks;
			sourceTree = "<group>";
		};
		C24CBC3BC7EA268AB04212D6 /* Pods */ = {
			isa = PBXGroup;
			children = (
				451E04959B98FB5133B40B39 /* Pods-ContainerViewInUICollectionView.debug.xcconfig */,
				8E10E8EB59913BD96948EFE6 /* Pods-ContainerViewInUICollectionView.release.xcconfig */,
			);
			path = Pods;
			sourceTree = "<group>";
		};
		DE0662132302CA210044BEFF /* ReadMoreTextView */ = {
			isa = PBXGroup;
			children = (
				DE0662142302CB1E0044BEFF /* ReadMoreTextView.swift */,
			);
			path = ReadMoreTextView;
			sourceTree = "<group>";
		};
		DE54C88D22F5059900F777BD /* ArticleNavigationTitleView */ = {
			isa = PBXGroup;
			children = (
				DE54C88E22F5072000F777BD /* ArticleNavigationTitleView.swift */,
				DE54C89022F5073000F777BD /* ArticleNavigationTitleView.xib */,
			);
			path = ArticleNavigationTitleView;
			sourceTree = "<group>";
		};
		DE6A055922FE6A3400085A9F /* Category */ = {
			isa = PBXGroup;
			children = (
				DE958D5322F01C1C00DB2C21 /* FoodCategoryViewController.swift */,
				DE6A056F22FE9F6200085A9F /* LandscapeCategoryViewController.swift */,
				DE6A057122FE9FFD00085A9F /* TravelCategoryViewController.swift */,
				DE6A057422FEAB3300085A9F /* FashionCategoryViewController.swift */,
			);
			path = Category;
			sourceTree = "<group>";
		};
		DE6A055A22FE6B6F00085A9F /* Module */ = {
			isa = PBXGroup;
			children = (
			);
			path = Module;
			sourceTree = "<group>";
		};
		DE6A055B22FE6B7600085A9F /* Enum */ = {
			isa = PBXGroup;
			children = (
				DE6A05812301147000085A9F /* TabBarItemType.swift */,
			);
			path = Enum;
			sourceTree = "<group>";
		};
		DE6A055C22FE6B7D00085A9F /* APIManager */ = {
			isa = PBXGroup;
			children = (
			);
			path = APIManager;
			sourceTree = "<group>";
		};
		DE6A055F22FE842B00085A9F /* Main */ = {
			isa = PBXGroup;
			children = (
				DE6A056B22FE938E00085A9F /* MainViewController.swift */,
			);
			name = Main;
			sourceTree = "<group>";
		};
		DE6A056422FE848500085A9F /* Article */ = {
			isa = PBXGroup;
			children = (
				DED26C9122D590FD00A36FB4 /* ArticleViewController.swift */,
			);
			path = Article;
			sourceTree = "<group>";
		};
		DE6A056822FE90F700085A9F /* TabBar */ = {
			isa = PBXGroup;
			children = (
				DE6A056922FE915A00085A9F /* TabBarController.swift */,
			);
			path = TabBar;
			sourceTree = "<group>";
		};
		DE6A056D22FE9E5000085A9F /* ViewModel */ = {
			isa = PBXGroup;
			children = (
			);
			path = ViewModel;
			sourceTree = "<group>";
		};
		DE6A056E22FE9E5800085A9F /* Model */ = {
			isa = PBXGroup;
			children = (
			);
			path = Model;
			sourceTree = "<group>";
		};
		DE6A057322FEA52600085A9F /* Essay */ = {
			isa = PBXGroup;
			children = (
				DE6A057922FEAE7200085A9F /* EssayViewController.swift */,
			);
			path = Essay;
			sourceTree = "<group>";
		};
		DE6A057E22FEB20D00085A9F /* Stock */ = {
			isa = PBXGroup;
			children = (
				DE6A057F22FEB21E00085A9F /* StockViewController.swift */,
			);
			path = Stock;
			sourceTree = "<group>";
		};
		DE6A058323012E9A00085A9F /* TabBarIcon */ = {
			isa = PBXGroup;
			children = (
				DE6A058423012F9600085A9F /* BouncesTabContentView.swift */,
			);
			path = TabBarIcon;
			sourceTree = "<group>";
		};
		DE7CFCA7230AE93D003E2617 /* SafariCollectionViewLayout */ = {
			isa = PBXGroup;
			children = (
				DE7CFCA8230AE950003E2617 /* SafariCollectionViewLayout.swift */,
			);
			path = SafariCollectionViewLayout;
			sourceTree = "<group>";
		};
		DE958D4F22F01B3300DB2C21 /* Classes */ = {
			isa = PBXGroup;
			children = (
				DEF791F322F01A7800CC866B /* CustomViewBase.swift */,
				DE0662132302CA210044BEFF /* ReadMoreTextView */,
				DE7CFCA7230AE93D003E2617 /* SafariCollectionViewLayout */,
				DE6A058323012E9A00085A9F /* TabBarIcon */,
			);
			path = Classes;
			sourceTree = "<group>";
		};
		DECBB5802307CD8100F7D2CC /* CategoryPatternCollectionViewCell */ = {
			isa = PBXGroup;
			children = (
				DECBB5812307CDDF00F7D2CC /* CategoryPatternCollectionViewCell.swift */,
				DECBB5822307CDDF00F7D2CC /* CategoryPatternCollectionViewCell.xib */,
			);
			path = CategoryPatternCollectionViewCell;
			sourceTree = "<group>";
		};
		DECBB5852307CE0D00F7D2CC /* CategoryPatternCollectionViewHeader */ = {
			isa = PBXGroup;
			children = (
			);
			path = CategoryPatternCollectionViewHeader;
			sourceTree = "<group>";
		};
		DECBB5862307CE1900F7D2CC /* CategoryPatternCollectionViewFooter */ = {
			isa = PBXGroup;
			children = (
			);
			path = CategoryPatternCollectionViewFooter;
			sourceTree = "<group>";
		};
		DED26C8322D590FC00A36FB4 = {
			isa = PBXGroup;
			children = (
				DED26C8E22D590FD00A36FB4 /* ContainerViewInUICollectionView */,
				DED26CA322D5910500A36FB4 /* ContainerViewInUICollectionViewTests */,
				DED26CAE22D5910500A36FB4 /* ContainerViewInUICollectionViewUITests */,
				DED26C8D22D590FD00A36FB4 /* Products */,
				C24CBC3BC7EA268AB04212D6 /* Pods */,
				17B6DA6D9C334BAF034B20BF /* Frameworks */,
			);
			sourceTree = "<group>";
		};
		DED26C8D22D590FD00A36FB4 /* Products */ = {
			isa = PBXGroup;
			children = (
				DED26C8C22D590FD00A36FB4 /* ContainerViewInUICollectionView.app */,
				DED26CA022D5910500A36FB4 /* ContainerViewInUICollectionViewTests.xctest */,
				DED26CAB22D5910500A36FB4 /* ContainerViewInUICollectionViewUITests.xctest */,
			);
			name = Products;
			sourceTree = "<group>";
		};
		DED26C8E22D590FD00A36FB4 /* ContainerViewInUICollectionView */ = {
			isa = PBXGroup;
			children = (
				DED26C9B22D5910500A36FB4 /* Info.plist */,
				DED26C8F22D590FD00A36FB4 /* AppDelegate.swift */,
				DED26C9622D5910500A36FB4 /* Assets.xcassets */,
				DE6A055C22FE6B7D00085A9F /* APIManager */,
				DE958D4F22F01B3300DB2C21 /* Classes */,
				DE6A055B22FE6B7600085A9F /* Enum */,
				DED26CCA22D5980400A36FB4 /* Extension */,
				DE6A056E22FE9E5800085A9F /* Model */,
				DE6A055A22FE6B6F00085A9F /* Module */,
				DED26CBD22D5951900A36FB4 /* Storyboard */,
				DED26CBF22D5953F00A36FB4 /* View */,
				DED26CBE22D5952700A36FB4 /* ViewController */,
				DE6A056D22FE9E5000085A9F /* ViewModel */,
			);
			path = ContainerViewInUICollectionView;
			sourceTree = "<group>";
		};
		DED26CA322D5910500A36FB4 /* ContainerViewInUICollectionViewTests */ = {
			isa = PBXGroup;
			children = (
				DED26CA422D5910500A36FB4 /* ContainerViewInUICollectionViewTests.swift */,
				DED26CA622D5910500A36FB4 /* Info.plist */,
			);
			path = ContainerViewInUICollectionViewTests;
			sourceTree = "<group>";
		};
		DED26CAE22D5910500A36FB4 /* ContainerViewInUICollectionViewUITests */ = {
			isa = PBXGroup;
			children = (
				DED26CAF22D5910500A36FB4 /* ContainerViewInUICollectionViewUITests.swift */,
				DED26CB122D5910500A36FB4 /* Info.plist */,
			);
			path = ContainerViewInUICollectionViewUITests;
			sourceTree = "<group>";
		};
		DED26CBD22D5951900A36FB4 /* Storyboard */ = {
			isa = PBXGroup;
			children = (
				DED26C9322D590FD00A36FB4 /* Article.storyboard */,
				DE958D5022F01BB900DB2C21 /* Category.storyboard */,
				DE6A057622FEAE5300085A9F /* Essay.storyboard */,
				DED26C9822D5910500A36FB4 /* LaunchScreen.storyboard */,
				DE6A056122FE845400085A9F /* Main.storyboard */,
				DE6A057B22FEB20200085A9F /* Stock.storyboard */,
				DE6A056522FE90C500085A9F /* TabBar.storyboard */,
			);
			path = Storyboard;
			sourceTree = "<group>";
		};
		DED26CBE22D5952700A36FB4 /* ViewController */ = {
			isa = PBXGroup;
			children = (
				DE6A056422FE848500085A9F /* Article */,
				DE6A055922FE6A3400085A9F /* Category */,
				DE6A057322FEA52600085A9F /* Essay */,
				DE6A055F22FE842B00085A9F /* Main */,
				DE6A057E22FEB20D00085A9F /* Stock */,
				DE6A056822FE90F700085A9F /* TabBar */,
			);
			path = ViewController;
			sourceTree = "<group>";
		};
		DED26CBF22D5953F00A36FB4 /* View */ = {
			isa = PBXGroup;
			children = (
				DECBB5862307CE1900F7D2CC /* CategoryPatternCollectionViewFooter */,
				DECBB5852307CE0D00F7D2CC /* CategoryPatternCollectionViewHeader */,
				DECBB5802307CD8100F7D2CC /* CategoryPatternCollectionViewCell */,
				DED26CC922D597EB00A36FB4 /* ContainerCollectionViewCell */,
				DE54C88D22F5059900F777BD /* ArticleNavigationTitleView */,
			);
			path = View;
			sourceTree = "<group>";
		};
		DED26CC922D597EB00A36FB4 /* ContainerCollectionViewCell */ = {
			isa = PBXGroup;
			children = (
				DED26CCB22D5982500A36FB4 /* ContainerCollectionViewCell.swift */,
				DED26CCC22D5982500A36FB4 /* ContainerCollectionViewCell.xib */,
			);
			path = ContainerCollectionViewCell;
			sourceTree = "<group>";
		};
		DED26CCA22D5980400A36FB4 /* Extension */ = {
			isa = PBXGroup;
			children = (
				DE0662162302CFC80044BEFF /* NSLayoutManagerExtension.swift */,
				DED26CCF22D654C600A36FB4 /* NSObjectProtocolExtension.swift */,
				DED26CD722D66D4000A36FB4 /* StoryboardInstantiatable.swift */,
				DED26CD322D6553100A36FB4 /* UICollectionViewExtension.swift */,
				DED26CD122D654F600A36FB4 /* UIColorExtension.swift */,
				DED26CD522D6555300A36FB4 /* UITableViewExtension.swift */,
				DE0662182302EF760044BEFF /* UITextViewExtension.swift */,
				DE06621A23039EC20044BEFF /* StringExtension.swift */,
			);
			path = Extension;
			sourceTree = "<group>";
		};
/* End PBXGroup section */

/* Begin PBXNativeTarget section */
		DED26C8B22D590FC00A36FB4 /* ContainerViewInUICollectionView */ = {
			isa = PBXNativeTarget;
			buildConfigurationList = DED26CB422D5910500A36FB4 /* Build configuration list for PBXNativeTarget "ContainerViewInUICollectionView" */;
			buildPhases = (
				3D7629A4B46430B89A9EBF8D /* [CP] Check Pods Manifest.lock */,
				DED26C8822D590FC00A36FB4 /* Sources */,
				DED26C8922D590FC00A36FB4 /* Frameworks */,
				DED26C8A22D590FC00A36FB4 /* Resources */,
				349E97445A8BF47A30F6E604 /* [CP] Embed Pods Frameworks */,
			);
			buildRules = (
			);
			dependencies = (
			);
			name = ContainerViewInUICollectionView;
			productName = ContainerViewInUICollectionView;
			productReference = DED26C8C22D590FD00A36FB4 /* ContainerViewInUICollectionView.app */;
			productType = "com.apple.product-type.application";
		};
		DED26C9F22D5910500A36FB4 /* ContainerViewInUICollectionViewTests */ = {
			isa = PBXNativeTarget;
			buildConfigurationList = DED26CB722D5910500A36FB4 /* Build configuration list for PBXNativeTarget "ContainerViewInUICollectionViewTests" */;
			buildPhases = (
				DED26C9C22D5910500A36FB4 /* Sources */,
				DED26C9D22D5910500A36FB4 /* Frameworks */,
				DED26C9E22D5910500A36FB4 /* Resources */,
			);
			buildRules = (
			);
			dependencies = (
				DED26CA222D5910500A36FB4 /* PBXTargetDependency */,
			);
			name = ContainerViewInUICollectionViewTests;
			productName = ContainerViewInUICollectionViewTests;
			productReference = DED26CA022D5910500A36FB4 /* ContainerViewInUICollectionViewTests.xctest */;
			productType = "com.apple.product-type.bundle.unit-test";
		};
		DED26CAA22D5910500A36FB4 /* ContainerViewInUICollectionViewUITests */ = {
			isa = PBXNativeTarget;
			buildConfigurationList = DED26CBA22D5910500A36FB4 /* Build configuration list for PBXNativeTarget "ContainerViewInUICollectionViewUITests" */;
			buildPhases = (
				DED26CA722D5910500A36FB4 /* Sources */,
				DED26CA822D5910500A36FB4 /* Frameworks */,
				DED26CA922D5910500A36FB4 /* Resources */,
			);
			buildRules = (
			);
			dependencies = (
				DED26CAD22D5910500A36FB4 /* PBXTargetDependency */,
			);
			name = ContainerViewInUICollectionViewUITests;
			productName = ContainerViewInUICollectionViewUITests;
			productReference = DED26CAB22D5910500A36FB4 /* ContainerViewInUICollectionViewUITests.xctest */;
			productType = "com.apple.product-type.bundle.ui-testing";
		};
/* End PBXNativeTarget section */

/* Begin PBXProject section */
		DED26C8422D590FC00A36FB4 /* Project object */ = {
			isa = PBXProject;
			attributes = {
				LastSwiftUpdateCheck = 1020;
				LastUpgradeCheck = 1020;
				ORGANIZATIONNAME = "酒井文也";
				TargetAttributes = {
					DED26C8B22D590FC00A36FB4 = {
						CreatedOnToolsVersion = 10.2.1;
					};
					DED26C9F22D5910500A36FB4 = {
						CreatedOnToolsVersion = 10.2.1;
						TestTargetID = DED26C8B22D590FC00A36FB4;
					};
					DED26CAA22D5910500A36FB4 = {
						CreatedOnToolsVersion = 10.2.1;
						TestTargetID = DED26C8B22D590FC00A36FB4;
					};
				};
			};
			buildConfigurationList = DED26C8722D590FC00A36FB4 /* Build configuration list for PBXProject "ContainerViewInUICollectionView" */;
			compatibilityVersion = "Xcode 9.3";
			developmentRegion = en;
			hasScannedForEncodings = 0;
			knownRegions = (
				en,
				Base,
			);
			mainGroup = DED26C8322D590FC00A36FB4;
			productRefGroup = DED26C8D22D590FD00A36FB4 /* Products */;
			projectDirPath = "";
			projectRoot = "";
			targets = (
				DED26C8B22D590FC00A36FB4 /* ContainerViewInUICollectionView */,
				DED26C9F22D5910500A36FB4 /* ContainerViewInUICollectionViewTests */,
				DED26CAA22D5910500A36FB4 /* ContainerViewInUICollectionViewUITests */,
			);
		};
/* End PBXProject section */

/* Begin PBXResourcesBuildPhase section */
		DED26C8A22D590FC00A36FB4 /* Resources */ = {
			isa = PBXResourcesBuildPhase;
			buildActionMask = 2147483647;
			files = (
				DE6A057822FEAE5300085A9F /* Essay.storyboard in Resources */,
				DE6A056322FE845400085A9F /* Main.storyboard in Resources */,
				DE54C89122F5073000F777BD /* ArticleNavigationTitleView.xib in Resources */,
				DE958D5222F01BB900DB2C21 /* Category.storyboard in Resources */,
				DECBB5842307CDDF00F7D2CC /* CategoryPatternCollectionViewCell.xib in Resources */,
				DE6A056722FE90C500085A9F /* TabBar.storyboard in Resources */,
				DED26C9A22D5910500A36FB4 /* LaunchScreen.storyboard in Resources */,
				DED26C9722D5910500A36FB4 /* Assets.xcassets in Resources */,
				DED26CCE22D5982500A36FB4 /* ContainerCollectionViewCell.xib in Resources */,
				DED26C9522D590FD00A36FB4 /* Article.storyboard in Resources */,
				DE6A057D22FEB20200085A9F /* Stock.storyboard in Resources */,
			);
			runOnlyForDeploymentPostprocessing = 0;
		};
		DED26C9E22D5910500A36FB4 /* Resources */ = {
			isa = PBXResourcesBuildPhase;
			buildActionMask = 2147483647;
			files = (
			);
			runOnlyForDeploymentPostprocessing = 0;
		};
		DED26CA922D5910500A36FB4 /* Resources */ = {
			isa = PBXResourcesBuildPhase;
			buildActionMask = 2147483647;
			files = (
			);
			runOnlyForDeploymentPostprocessing = 0;
		};
/* End PBXResourcesBuildPhase section */

/* Begin PBXShellScriptBuildPhase section */
		349E97445A8BF47A30F6E604 /* [CP] Embed Pods Frameworks */ = {
			isa = PBXShellScriptBuildPhase;
			buildActionMask = 2147483647;
			files = (
			);
			inputFileListPaths = (
				"${PODS_ROOT}/Target Support Files/Pods-ContainerViewInUICollectionView/Pods-ContainerViewInUICollectionView-frameworks-${CONFIGURATION}-input-files.xcfilelist",
			);
			name = "[CP] Embed Pods Frameworks";
			outputFileListPaths = (
				"${PODS_ROOT}/Target Support Files/Pods-ContainerViewInUICollectionView/Pods-ContainerViewInUICollectionView-frameworks-${CONFIGURATION}-output-files.xcfilelist",
			);
			runOnlyForDeploymentPostprocessing = 0;
			shellPath = /bin/sh;
			shellScript = "\"${PODS_ROOT}/Target Support Files/Pods-ContainerViewInUICollectionView/Pods-ContainerViewInUICollectionView-frameworks.sh\"\n";
			showEnvVarsInLog = 0;
		};
		3D7629A4B46430B89A9EBF8D /* [CP] Check Pods Manifest.lock */ = {
			isa = PBXShellScriptBuildPhase;
			buildActionMask = 2147483647;
			files = (
			);
			inputFileListPaths = (
			);
			inputPaths = (
				"${PODS_PODFILE_DIR_PATH}/Podfile.lock",
				"${PODS_ROOT}/Manifest.lock",
			);
			name = "[CP] Check Pods Manifest.lock";
			outputFileListPaths = (
			);
			outputPaths = (
				"$(DERIVED_FILE_DIR)/Pods-ContainerViewInUICollectionView-checkManifestLockResult.txt",
			);
			runOnlyForDeploymentPostprocessing = 0;
			shellPath = /bin/sh;
			shellScript = "diff \"${PODS_PODFILE_DIR_PATH}/Podfile.lock\" \"${PODS_ROOT}/Manifest.lock\" > /dev/null\nif [ $? != 0 ] ; then\n    # print error to STDERR\n    echo \"error: The sandbox is not in sync with the Podfile.lock. Run 'pod install' or update your CocoaPods installation.\" >&2\n    exit 1\nfi\n# This output is used by Xcode 'outputs' to avoid re-running this script phase.\necho \"SUCCESS\" > \"${SCRIPT_OUTPUT_FILE_0}\"\n";
			showEnvVarsInLog = 0;
		};
/* End PBXShellScriptBuildPhase section */

/* Begin PBXSourcesBuildPhase section */
		DED26C8822D590FC00A36FB4 /* Sources */ = {
			isa = PBXSourcesBuildPhase;
			buildActionMask = 2147483647;
			files = (
				DED26C9222D590FD00A36FB4 /* ArticleViewController.swift in Sources */,
				DE6A058022FEB21E00085A9F /* StockViewController.swift in Sources */,
				DE6A056A22FE915A00085A9F /* TabBarController.swift in Sources */,
				DED26CD022D654C600A36FB4 /* NSObjectProtocolExtension.swift in Sources */,
				DE6A056C22FE938E00085A9F /* MainViewController.swift in Sources */,
				DE0662192302EF760044BEFF /* UITextViewExtension.swift in Sources */,
				DE958D5422F01C1C00DB2C21 /* FoodCategoryViewController.swift in Sources */,
				DED26CD422D6553100A36FB4 /* UICollectionViewExtension.swift in Sources */,
				DE6A057222FE9FFD00085A9F /* TravelCategoryViewController.swift in Sources */,
				DE0662152302CB1E0044BEFF /* ReadMoreTextView.swift in Sources */,
				DE7CFCA9230AE950003E2617 /* SafariCollectionViewLayout.swift in Sources */,
				DECBB5832307CDDF00F7D2CC /* CategoryPatternCollectionViewCell.swift in Sources */,
				DE6A057522FEAB3300085A9F /* FashionCategoryViewController.swift in Sources */,
				DED26CD622D6555300A36FB4 /* UITableViewExtension.swift in Sources */,
				DEF791F422F01A7800CC866B /* CustomViewBase.swift in Sources */,
				DE6A057022FE9F6200085A9F /* LandscapeCategoryViewController.swift in Sources */,
				DE54C88F22F5072000F777BD /* ArticleNavigationTitleView.swift in Sources */,
				DED26CD222D654F600A36FB4 /* UIColorExtension.swift in Sources */,
				DED26CD822D66D4000A36FB4 /* StoryboardInstantiatable.swift in Sources */,
				DED26CCD22D5982500A36FB4 /* ContainerCollectionViewCell.swift in Sources */,
				DED26C9022D590FD00A36FB4 /* AppDelegate.swift in Sources */,
				DE6A057A22FEAE7200085A9F /* EssayViewController.swift in Sources */,
				DE06621B23039EC30044BEFF /* StringExtension.swift in Sources */,
				DE6A058523012F9600085A9F /* BouncesTabContentView.swift in Sources */,
				DE0662172302CFC80044BEFF /* NSLayoutManagerExtension.swift in Sources */,
				DE6A05822301147000085A9F /* TabBarItemType.swift in Sources */,
			);
			runOnlyForDeploymentPostprocessing = 0;
		};
		DED26C9C22D5910500A36FB4 /* Sources */ = {
			isa = PBXSourcesBuildPhase;
			buildActionMask = 2147483647;
			files = (
				DED26CA522D5910500A36FB4 /* ContainerViewInUICollectionViewTests.swift in Sources */,
			);
			runOnlyForDeploymentPostprocessing = 0;
		};
		DED26CA722D5910500A36FB4 /* Sources */ = {
			isa = PBXSourcesBuildPhase;
			buildActionMask = 2147483647;
			files = (
				DED26CB022D5910500A36FB4 /* ContainerViewInUICollectionViewUITests.swift in Sources */,
			);
			runOnlyForDeploymentPostprocessing = 0;
		};
/* End PBXSourcesBuildPhase section */

/* Begin PBXTargetDependency section */
		DED26CA222D5910500A36FB4 /* PBXTargetDependency */ = {
			isa = PBXTargetDependency;
			target = DED26C8B22D590FC00A36FB4 /* ContainerViewInUICollectionView */;
			targetProxy = DED26CA122D5910500A36FB4 /* PBXContainerItemProxy */;
		};
		DED26CAD22D5910500A36FB4 /* PBXTargetDependency */ = {
			isa = PBXTargetDependency;
			target = DED26C8B22D590FC00A36FB4 /* ContainerViewInUICollectionView */;
			targetProxy = DED26CAC22D5910500A36FB4 /* PBXContainerItemProxy */;
		};
/* End PBXTargetDependency section */

/* Begin PBXVariantGroup section */
		DE6A056122FE845400085A9F /* Main.storyboard */ = {
			isa = PBXVariantGroup;
			children = (
				DE6A056222FE845400085A9F /* Base */,
			);
			name = Main.storyboard;
			sourceTree = "<group>";
		};
		DE6A056522FE90C500085A9F /* TabBar.storyboard */ = {
			isa = PBXVariantGroup;
			children = (
				DE6A056622FE90C500085A9F /* Base */,
			);
			name = TabBar.storyboard;
			sourceTree = "<group>";
		};
		DE6A057622FEAE5300085A9F /* Essay.storyboard */ = {
			isa = PBXVariantGroup;
			children = (
				DE6A057722FEAE5300085A9F /* Base */,
			);
			name = Essay.storyboard;
			sourceTree = "<group>";
		};
		DE6A057B22FEB20200085A9F /* Stock.storyboard */ = {
			isa = PBXVariantGroup;
			children = (
				DE6A057C22FEB20200085A9F /* Base */,
			);
			name = Stock.storyboard;
			sourceTree = "<group>";
		};
		DE958D5022F01BB900DB2C21 /* Category.storyboard */ = {
			isa = PBXVariantGroup;
			children = (
				DE958D5122F01BB900DB2C21 /* Base */,
			);
			name = Category.storyboard;
			sourceTree = "<group>";
		};
		DED26C9322D590FD00A36FB4 /* Article.storyboard */ = {
			isa = PBXVariantGroup;
			children = (
				DED26C9422D590FD00A36FB4 /* Base */,
			);
			name = Article.storyboard;
			sourceTree = "<group>";
		};
		DED26C9822D5910500A36FB4 /* LaunchScreen.storyboard */ = {
			isa = PBXVariantGroup;
			children = (
				DED26C9922D5910500A36FB4 /* Base */,
			);
			name = LaunchScreen.storyboard;
			sourceTree = "<group>";
		};
/* End PBXVariantGroup section */

/* Begin XCBuildConfiguration section */
		DED26CB222D5910500A36FB4 /* Debug */ = {
			isa = XCBuildConfiguration;
			buildSettings = {
				ALWAYS_SEARCH_USER_PATHS = NO;
				CLANG_ANALYZER_NONNULL = YES;
				CLANG_ANALYZER_NUMBER_OBJECT_CONVERSION = YES_AGGRESSIVE;
				CLANG_CXX_LANGUAGE_STANDARD = "gnu++14";
				CLANG_CXX_LIBRARY = "libc++";
				CLANG_ENABLE_MODULES = YES;
				CLANG_ENABLE_OBJC_ARC = YES;
				CLANG_ENABLE_OBJC_WEAK = YES;
				CLANG_WARN_BLOCK_CAPTURE_AUTORELEASING = YES;
				CLANG_WARN_BOOL_CONVERSION = YES;
				CLANG_WARN_COMMA = YES;
				CLANG_WARN_CONSTANT_CONVERSION = YES;
				CLANG_WARN_DEPRECATED_OBJC_IMPLEMENTATIONS = YES;
				CLANG_WARN_DIRECT_OBJC_ISA_USAGE = YES_ERROR;
				CLANG_WARN_DOCUMENTATION_COMMENTS = YES;
				CLANG_WARN_EMPTY_BODY = YES;
				CLANG_WARN_ENUM_CONVERSION = YES;
				CLANG_WARN_INFINITE_RECURSION = YES;
				CLANG_WARN_INT_CONVERSION = YES;
				CLANG_WARN_NON_LITERAL_NULL_CONVERSION = YES;
				CLANG_WARN_OBJC_IMPLICIT_RETAIN_SELF = YES;
				CLANG_WARN_OBJC_LITERAL_CONVERSION = YES;
				CLANG_WARN_OBJC_ROOT_CLASS = YES_ERROR;
				CLANG_WARN_RANGE_LOOP_ANALYSIS = YES;
				CLANG_WARN_STRICT_PROTOTYPES = YES;
				CLANG_WARN_SUSPICIOUS_MOVE = YES;
				CLANG_WARN_UNGUARDED_AVAILABILITY = YES_AGGRESSIVE;
				CLANG_WARN_UNREACHABLE_CODE = YES;
				CLANG_WARN__DUPLICATE_METHOD_MATCH = YES;
				CODE_SIGN_IDENTITY = "iPhone Developer";
				COPY_PHASE_STRIP = NO;
				DEBUG_INFORMATION_FORMAT = dwarf;
				ENABLE_STRICT_OBJC_MSGSEND = YES;
				ENABLE_TESTABILITY = YES;
				GCC_C_LANGUAGE_STANDARD = gnu11;
				GCC_DYNAMIC_NO_PIC = NO;
				GCC_NO_COMMON_BLOCKS = YES;
				GCC_OPTIMIZATION_LEVEL = 0;
				GCC_PREPROCESSOR_DEFINITIONS = (
					"DEBUG=1",
					"$(inherited)",
				);
				GCC_WARN_64_TO_32_BIT_CONVERSION = YES;
				GCC_WARN_ABOUT_RETURN_TYPE = YES_ERROR;
				GCC_WARN_UNDECLARED_SELECTOR = YES;
				GCC_WARN_UNINITIALIZED_AUTOS = YES_AGGRESSIVE;
				GCC_WARN_UNUSED_FUNCTION = YES;
				GCC_WARN_UNUSED_VARIABLE = YES;
				IPHONEOS_DEPLOYMENT_TARGET = 12.2;
				MTL_ENABLE_DEBUG_INFO = INCLUDE_SOURCE;
				MTL_FAST_MATH = YES;
				ONLY_ACTIVE_ARCH = YES;
				SDKROOT = iphoneos;
				SWIFT_ACTIVE_COMPILATION_CONDITIONS = DEBUG;
				SWIFT_OPTIMIZATION_LEVEL = "-Onone";
			};
			name = Debug;
		};
		DED26CB322D5910500A36FB4 /* Release */ = {
			isa = XCBuildConfiguration;
			buildSettings = {
				ALWAYS_SEARCH_USER_PATHS = NO;
				CLANG_ANALYZER_NONNULL = YES;
				CLANG_ANALYZER_NUMBER_OBJECT_CONVERSION = YES_AGGRESSIVE;
				CLANG_CXX_LANGUAGE_STANDARD = "gnu++14";
				CLANG_CXX_LIBRARY = "libc++";
				CLANG_ENABLE_MODULES = YES;
				CLANG_ENABLE_OBJC_ARC = YES;
				CLANG_ENABLE_OBJC_WEAK = YES;
				CLANG_WARN_BLOCK_CAPTURE_AUTORELEASING = YES;
				CLANG_WARN_BOOL_CONVERSION = YES;
				CLANG_WARN_COMMA = YES;
				CLANG_WARN_CONSTANT_CONVERSION = YES;
				CLANG_WARN_DEPRECATED_OBJC_IMPLEMENTATIONS = YES;
				CLANG_WARN_DIRECT_OBJC_ISA_USAGE = YES_ERROR;
				CLANG_WARN_DOCUMENTATION_COMMENTS = YES;
				CLANG_WARN_EMPTY_BODY = YES;
				CLANG_WARN_ENUM_CONVERSION = YES;
				CLANG_WARN_INFINITE_RECURSION = YES;
				CLANG_WARN_INT_CONVERSION = YES;
				CLANG_WARN_NON_LITERAL_NULL_CONVERSION = YES;
				CLANG_WARN_OBJC_IMPLICIT_RETAIN_SELF = YES;
				CLANG_WARN_OBJC_LITERAL_CONVERSION = YES;
				CLANG_WARN_OBJC_ROOT_CLASS = YES_ERROR;
				CLANG_WARN_RANGE_LOOP_ANALYSIS = YES;
				CLANG_WARN_STRICT_PROTOTYPES = YES;
				CLANG_WARN_SUSPICIOUS_MOVE = YES;
				CLANG_WARN_UNGUARDED_AVAILABILITY = YES_AGGRESSIVE;
				CLANG_WARN_UNREACHABLE_CODE = YES;
				CLANG_WARN__DUPLICATE_METHOD_MATCH = YES;
				CODE_SIGN_IDENTITY = "iPhone Developer";
				COPY_PHASE_STRIP = NO;
				DEBUG_INFORMATION_FORMAT = "dwarf-with-dsym";
				ENABLE_NS_ASSERTIONS = NO;
				ENABLE_STRICT_OBJC_MSGSEND = YES;
				GCC_C_LANGUAGE_STANDARD = gnu11;
				GCC_NO_COMMON_BLOCKS = YES;
				GCC_WARN_64_TO_32_BIT_CONVERSION = YES;
				GCC_WARN_ABOUT_RETURN_TYPE = YES_ERROR;
				GCC_WARN_UNDECLARED_SELECTOR = YES;
				GCC_WARN_UNINITIALIZED_AUTOS = YES_AGGRESSIVE;
				GCC_WARN_UNUSED_FUNCTION = YES;
				GCC_WARN_UNUSED_VARIABLE = YES;
				IPHONEOS_DEPLOYMENT_TARGET = 12.2;
				MTL_ENABLE_DEBUG_INFO = NO;
				MTL_FAST_MATH = YES;
				SDKROOT = iphoneos;
				SWIFT_COMPILATION_MODE = wholemodule;
				SWIFT_OPTIMIZATION_LEVEL = "-O";
				VALIDATE_PRODUCT = YES;
			};
			name = Release;
		};
		DED26CB522D5910500A36FB4 /* Debug */ = {
			isa = XCBuildConfiguration;
			baseConfigurationReference = 451E04959B98FB5133B40B39 /* Pods-ContainerViewInUICollectionView.debug.xcconfig */;
			buildSettings = {
				ASSETCATALOG_COMPILER_APPICON_NAME = AppIcon;
				CODE_SIGN_STYLE = Automatic;
				DEVELOPMENT_TEAM = S5BF5553KY;
				INFOPLIST_FILE = ContainerViewInUICollectionView/Info.plist;
				LD_RUNPATH_SEARCH_PATHS = (
					"$(inherited)",
					"@executable_path/Frameworks",
				);
				PRODUCT_BUNDLE_IDENTIFIER = com.just1factory.ContainerViewInUICollectionView;
				PRODUCT_NAME = "$(TARGET_NAME)";
				SWIFT_VERSION = 5.0;
				TARGETED_DEVICE_FAMILY = "1,2";
			};
			name = Debug;
		};
		DED26CB622D5910500A36FB4 /* Release */ = {
			isa = XCBuildConfiguration;
			baseConfigurationReference = 8E10E8EB59913BD96948EFE6 /* Pods-ContainerViewInUICollectionView.release.xcconfig */;
			buildSettings = {
				ASSETCATALOG_COMPILER_APPICON_NAME = AppIcon;
				CODE_SIGN_STYLE = Automatic;
				DEVELOPMENT_TEAM = S5BF5553KY;
				INFOPLIST_FILE = ContainerViewInUICollectionView/Info.plist;
				LD_RUNPATH_SEARCH_PATHS = (
					"$(inherited)",
					"@executable_path/Frameworks",
				);
				PRODUCT_BUNDLE_IDENTIFIER = com.just1factory.ContainerViewInUICollectionView;
				PRODUCT_NAME = "$(TARGET_NAME)";
				SWIFT_VERSION = 5.0;
				TARGETED_DEVICE_FAMILY = "1,2";
			};
			name = Release;
		};
		DED26CB822D5910500A36FB4 /* Debug */ = {
			isa = XCBuildConfiguration;
			buildSettings = {
				ALWAYS_EMBED_SWIFT_STANDARD_LIBRARIES = YES;
				BUNDLE_LOADER = "$(TEST_HOST)";
				CODE_SIGN_STYLE = Automatic;
				DEVELOPMENT_TEAM = S5BF5553KY;
				INFOPLIST_FILE = ContainerViewInUICollectionViewTests/Info.plist;
				LD_RUNPATH_SEARCH_PATHS = (
					"$(inherited)",
					"@executable_path/Frameworks",
					"@loader_path/Frameworks",
				);
				PRODUCT_BUNDLE_IDENTIFIER = com.just1factory.ContainerViewInUICollectionViewTests;
				PRODUCT_NAME = "$(TARGET_NAME)";
				SWIFT_VERSION = 5.0;
				TARGETED_DEVICE_FAMILY = "1,2";
				TEST_HOST = "$(BUILT_PRODUCTS_DIR)/ContainerViewInUICollectionView.app/ContainerViewInUICollectionView";
			};
			name = Debug;
		};
		DED26CB922D5910500A36FB4 /* Release */ = {
			isa = XCBuildConfiguration;
			buildSettings = {
				ALWAYS_EMBED_SWIFT_STANDARD_LIBRARIES = YES;
				BUNDLE_LOADER = "$(TEST_HOST)";
				CODE_SIGN_STYLE = Automatic;
				DEVELOPMENT_TEAM = S5BF5553KY;
				INFOPLIST_FILE = ContainerViewInUICollectionViewTests/Info.plist;
				LD_RUNPATH_SEARCH_PATHS = (
					"$(inherited)",
					"@executable_path/Frameworks",
					"@loader_path/Frameworks",
				);
				PRODUCT_BUNDLE_IDENTIFIER = com.just1factory.ContainerViewInUICollectionViewTests;
				PRODUCT_NAME = "$(TARGET_NAME)";
				SWIFT_VERSION = 5.0;
				TARGETED_DEVICE_FAMILY = "1,2";
				TEST_HOST = "$(BUILT_PRODUCTS_DIR)/ContainerViewInUICollectionView.app/ContainerViewInUICollectionView";
			};
			name = Release;
		};
		DED26CBB22D5910500A36FB4 /* Debug */ = {
			isa = XCBuildConfiguration;
			buildSettings = {
				ALWAYS_EMBED_SWIFT_STANDARD_LIBRARIES = YES;
				CODE_SIGN_STYLE = Automatic;
				DEVELOPMENT_TEAM = S5BF5553KY;
				INFOPLIST_FILE = ContainerViewInUICollectionViewUITests/Info.plist;
				LD_RUNPATH_SEARCH_PATHS = (
					"$(inherited)",
					"@executable_path/Frameworks",
					"@loader_path/Frameworks",
				);
				PRODUCT_BUNDLE_IDENTIFIER = com.just1factory.ContainerViewInUICollectionViewUITests;
				PRODUCT_NAME = "$(TARGET_NAME)";
				SWIFT_VERSION = 5.0;
				TARGETED_DEVICE_FAMILY = "1,2";
				TEST_TARGET_NAME = ContainerViewInUICollectionView;
			};
			name = Debug;
		};
		DED26CBC22D5910500A36FB4 /* Release */ = {
			isa = XCBuildConfiguration;
			buildSettings = {
				ALWAYS_EMBED_SWIFT_STANDARD_LIBRARIES = YES;
				CODE_SIGN_STYLE = Automatic;
				DEVELOPMENT_TEAM = S5BF5553KY;
				INFOPLIST_FILE = ContainerViewInUICollectionViewUITests/Info.plist;
				LD_RUNPATH_SEARCH_PATHS = (
					"$(inherited)",
					"@executable_path/Frameworks",
					"@loader_path/Frameworks",
				);
				PRODUCT_BUNDLE_IDENTIFIER = com.just1factory.ContainerViewInUICollectionViewUITests;
				PRODUCT_NAME = "$(TARGET_NAME)";
				SWIFT_VERSION = 5.0;
				TARGETED_DEVICE_FAMILY = "1,2";
				TEST_TARGET_NAME = ContainerViewInUICollectionView;
			};
			name = Release;
		};
/* End XCBuildConfiguration section */

/* Begin XCConfigurationList section */
		DED26C8722D590FC00A36FB4 /* Build configuration list for PBXProject "ContainerViewInUICollectionView" */ = {
			isa = XCConfigurationList;
			buildConfigurations = (
				DED26CB222D5910500A36FB4 /* Debug */,
				DED26CB322D5910500A36FB4 /* Release */,
			);
			defaultConfigurationIsVisible = 0;
			defaultConfigurationName = Release;
		};
		DED26CB422D5910500A36FB4 /* Build configuration list for PBXNativeTarget "ContainerViewInUICollectionView" */ = {
			isa = XCConfigurationList;
			buildConfigurations = (
				DED26CB522D5910500A36FB4 /* Debug */,
				DED26CB622D5910500A36FB4 /* Release */,
			);
			defaultConfigurationIsVisible = 0;
			defaultConfigurationName = Release;
		};
		DED26CB722D5910500A36FB4 /* Build configuration list for PBXNativeTarget "ContainerViewInUICollectionViewTests" */ = {
			isa = XCConfigurationList;
			buildConfigurations = (
				DED26CB822D5910500A36FB4 /* Debug */,
				DED26CB922D5910500A36FB4 /* Release */,
			);
			defaultConfigurationIsVisible = 0;
			defaultConfigurationName = Release;
		};
		DED26CBA22D5910500A36FB4 /* Build configuration list for PBXNativeTarget "ContainerViewInUICollectionViewUITests" */ = {
			isa = XCConfigurationList;
			buildConfigurations = (
				DED26CBB22D5910500A36FB4 /* Debug */,
				DED26CBC22D5910500A36FB4 /* Release */,
			);
			defaultConfigurationIsVisible = 0;
			defaultConfigurationName = Release;
		};
/* End XCConfigurationList section */
	};
	rootObject = DED26C8422D590FC00A36FB4 /* Project object */;
}
